
Microsoft Visual Studio Solution File, Format Version 12.00
# Visual Studio 15
VisualStudioVersion = 15.0.26124.0
MinimumVisualStudioVersion = 15.0.26124.0
Project("{FAE04EC0-301F-11D3-BF4B-00C04F79EFBC}") = "CopyDirectory.Lib", "CopyDirectory.Lib\CopyDirectory.Lib.csproj", "{DE73DD86-C1A8-4882-92AE-56D979A74E4E}"
EndProject
Project("{FAE04EC0-301F-11D3-BF4B-00C04F79EFBC}") = "CopyDirectory.Lib.Tests", "CopyDirectory.Lib.Tests\CopyDirectory.Lib.Tests.csproj", "{14A282B7-56AB-4F09-9625-C762376951FB}"
EndProject
Project("{FAE04EC0-301F-11D3-BF4B-00C04F79EFBC}") = "CopyDirectory.UI", "CopyDirectory.UI\CopyDirectory.UI.csproj", "{E24759A4-CF65-432C-A8EA-382AA512D929}"
EndProject
Global
	GlobalSection(SolutionConfigurationPlatforms) = preSolution
		Debug|Any CPU = Debug|Any CPU
		Debug|x64 = Debug|x64
		Debug|x86 = Debug|x86
		Release|Any CPU = Release|Any CPU
		Release|x64 = Release|x64
		Release|x86 = Release|x86
	EndGlobalSection
	GlobalSection(SolutionProperties) = preSolution
		HideSolutionNode = FALSE
	EndGlobalSection
	GlobalSection(ProjectConfigurationPlatforms) = postSolution
		{DE73DD86-C1A8-4882-92AE-56D979A74E4E}.Debug|Any CPU.ActiveCfg = Debug|Any CPU
		{DE73DD86-C1A8-4882-92AE-56D979A74E4E}.Debug|Any CPU.Build.0 = Debug|Any CPU
		{DE73DD86-C1A8-4882-92AE-56D979A74E4E}.Debug|x64.ActiveCfg = Debug|Any CPU
		{DE73DD86-C1A8-4882-92AE-56D979A74E4E}.Debug|x64.Build.0 = Debug|Any CPU
		{DE73DD86-C1A8-4882-92AE-56D979A74E4E}.Debug|x86.ActiveCfg = Debug|Any CPU
		{DE73DD86-C1A8-4882-92AE-56D979A74E4E}.Debug|x86.Build.0 = Debug|Any CPU
		{DE73DD86-C1A8-4882-92AE-56D979A74E4E}.Release|Any CPU.ActiveCfg = Release|Any CPU
		{DE73DD86-C1A8-4882-92AE-56D979A74E4E}.Release|Any CPU.Build.0 = Release|Any CPU
		{DE73DD86-C1A8-4882-92AE-56D979A74E4E}.Release|x64.ActiveCfg = Release|Any CPU
		{DE73DD86-C1A8-4882-92AE-56D979A74E4E}.Release|x64.Build.0 = Release|Any CPU
		{DE73DD86-C1A8-4882-92AE-56D979A74E4E}.Release|x86.ActiveCfg = Release|Any CPU
		{DE73DD86-C1A8-4882-92AE-56D979A74E4E}.Release|x86.Build.0 = Release|Any CPU
		{14A282B7-56AB-4F09-9625-C762376951FB}.Debug|Any CPU.ActiveCfg = Debug|Any CPU
		{14A282B7-56AB-4F09-9625-C762376951FB}.Debug|Any CPU.Build.0 = Debug|Any CPU
		{14A282B7-56AB-4F09-9625-C762376951FB}.Debug|x64.ActiveCfg = Debug|Any CPU
		{14A282B7-56AB-4F09-9625-C762376951FB}.Debug|x64.Build.0 = Debug|Any CPU
		{14A282B7-56AB-4F09-9625-C762376951FB}.Debug|x86.ActiveCfg = Debug|Any CPU
		{14A282B7-56AB-4F09-9625-C762376951FB}.Debug|x86.Build.0 = Debug|Any CPU
		{14A282B7-56AB-4F09-9625-C762376951FB}.Release|Any CPU.ActiveCfg = Release|Any CPU
		{14A282B7-56AB-4F09-9625-C762376951FB}.Release|Any CPU.Build.0 = Release|Any CPU
		{14A282B7-56AB-4F09-9625-C762376951FB}.Release|x64.ActiveCfg = Release|Any CPU
		{14A282B7-56AB-4F09-9625-C762376951FB}.Release|x64.Build.0 = Release|Any CPU
		{14A282B7-56AB-4F09-9625-C762376951FB}.Release|x86.ActiveCfg = Release|Any CPU
		{14A282B7-56AB-4F09-9625-C762376951FB}.Release|x86.Build.0 = Release|Any CPU
		{E24759A4-CF65-432C-A8EA-382AA512D929}.Debug|Any CPU.ActiveCfg = Debug|Any CPU
		{E24759A4-CF65-432C-A8EA-382AA512D929}.Debug|Any CPU.Build.0 = Debug|Any CPU
		{E24759A4-CF65-432C-A8EA-382AA512D929}.Debug|x64.ActiveCfg = Debug|Any CPU
		{E24759A4-CF65-432C-A8EA-382AA512D929}.Debug|x64.Build.0 = Debug|Any CPU
		{E24759A4-CF65-432C-A8EA-382AA512D929}.Debug|x86.ActiveCfg = Debug|Any CPU
		{E24759A4-CF65-432C-A8EA-382AA512D929}.Debug|x86.Build.0 = Debug|Any CPU
		{E24759A4-CF65-432C-A8EA-382AA512D929}.Release|Any CPU.ActiveCfg = Release|Any CPU
		{E24759A4-CF65-432C-A8EA-382AA512D929}.Release|Any CPU.Build.0 = Release|Any CPU
		{E24759A4-CF65-432C-A8EA-382AA512D929}.Release|x64.ActiveCfg = Release|Any CPU
		{E24759A4-CF65-432C-A8EA-382AA512D929}.Release|x64.Build.0 = Release|Any CPU
		{E24759A4-CF65-432C-A8EA-382AA512D929}.Release|x86.ActiveCfg = Release|Any CPU
		{E24759A4-CF65-432C-A8EA-382AA512D929}.Release|x86.Build.0 = Release|Any CPU
	EndGlobalSection
EndGlobal
